
Microsoft Visual Studio Solution File, Format Version 12.00
# Visual Studio Version 17
VisualStudioVersion = 17.3.32811.315
MinimumVisualStudioVersion = 10.0.40219.1
Project("{FAE04EC0-301F-11D3-BF4B-00C04F79EFBC}") = "IdentityAPI", "IdentityAPI\IdentityAPI.csproj", "{95B9A7C8-7DB3-4136-A16B-05F47B591E58}"
EndProject
Global
	GlobalSection(SolutionConfigurationPlatforms) = preSolution
		Debug|Any CPU = Debug|Any CPU
		Release|Any CPU = Release|Any CPU
	EndGlobalSection
	GlobalSection(ProjectConfigurationPlatforms) = postSolution
		{95B9A7C8-7DB3-4136-A16B-05F47B591E58}.Debug|Any CPU.ActiveCfg = Debug|Any CPU
		{95B9A7C8-7DB3-4136-A16B-05F47B591E58}.Debug|Any CPU.Build.0 = Debug|Any CPU
		{95B9A7C8-7DB3-4136-A16B-05F47B591E58}.Release|Any CPU.ActiveCfg = Release|Any CPU
		{95B9A7C8-7DB3-4136-A16B-05F47B591E58}.Release|Any CPU.Build.0 = Release|Any CPU
	EndGlobalSection
	GlobalSection(SolutionProperties) = preSolution
		HideSolutionNode = FALSE
	EndGlobalSection
	GlobalSection(ExtensibilityGlobals) = postSolution
		SolutionGuid = {C9114E75-98E1-40CC-8463-34564CCC9A83}
	EndGlobalSection
EndGlobal
